
Microsoft Visual Studio Solution File, Format Version 12.00
# Visual Studio 2012
Project("{FAE04EC0-301F-11D3-BF4B-00C04F79EFBC}") = "RemoteUrlClient", "RemoteUrlClient\RemoteUrlClient.csproj", "{3D1150E1-E544-4263-9620-5BE1382F0122}"
EndProject
Project("{FAE04EC0-301F-11D3-BF4B-00C04F79EFBC}") = "RemoteUrl", "RemoteUrl\RemoteUrl.csproj", "{69372445-F9E5-4C79-9512-C75FF5ABF7F7}"
EndProject
Global
	GlobalSection(SolutionConfigurationPlatforms) = preSolution
		Debug|Any CPU = Debug|Any CPU
		Release|Any CPU = Release|Any CPU
	EndGlobalSection
	GlobalSection(ProjectConfigurationPlatforms) = postSolution
		{3D1150E1-E544-4263-9620-5BE1382F0122}.Debug|Any CPU.ActiveCfg = Debug|Any CPU
		{3D1150E1-E544-4263-9620-5BE1382F0122}.Debug|Any CPU.Build.0 = Debug|Any CPU
		{3D1150E1-E544-4263-9620-5BE1382F0122}.Release|Any CPU.ActiveCfg = Release|Any CPU
		{3D1150E1-E544-4263-9620-5BE1382F0122}.Release|Any CPU.Build.0 = Release|Any CPU
		{69372445-F9E5-4C79-9512-C75FF5ABF7F7}.Debug|Any CPU.ActiveCfg = Debug|Any CPU
		{69372445-F9E5-4C79-9512-C75FF5ABF7F7}.Debug|Any CPU.Build.0 = Debug|Any CPU
		{69372445-F9E5-4C79-9512-C75FF5ABF7F7}.Release|Any CPU.ActiveCfg = Release|Any CPU
		{69372445-F9E5-4C79-9512-C75FF5ABF7F7}.Release|Any CPU.Build.0 = Release|Any CPU
	EndGlobalSection
	GlobalSection(SolutionProperties) = preSolution
		HideSolutionNode = FALSE
	EndGlobalSection
EndGlobal
